
Microsoft Visual Studio Solution File, Format Version 12.00
# Visual Studio Version 17
VisualStudioVersion = 17.7.34031.279
MinimumVisualStudioVersion = 10.0.40219.1
Project("{8BC9CEB8-8B4A-11D0-8D11-00A0C91BC942}") = "Kypca44444", "Kypca44444\Kypca44444.vcxproj", "{A91B52D0-8078-4C3E-80B1-1138952F23DD}"
EndProject
Global
	GlobalSection(SolutionConfigurationPlatforms) = preSolution
		Debug|x64 = Debug|x64
		Debug|x86 = Debug|x86
		Release|x64 = Release|x64
		Release|x86 = Release|x86
	EndGlobalSection
	GlobalSection(ProjectConfigurationPlatforms) = postSolution
		{A91B52D0-8078-4C3E-80B1-1138952F23DD}.Debug|x64.ActiveCfg = Debug|x64
		{A91B52D0-8078-4C3E-80B1-1138952F23DD}.Debug|x64.Build.0 = Debug|x64
		{A91B52D0-8078-4C3E-80B1-1138952F23DD}.Debug|x86.ActiveCfg = Debug|Win32
		{A91B52D0-8078-4C3E-80B1-1138952F23DD}.Debug|x86.Build.0 = Debug|Win32
		{A91B52D0-8078-4C3E-80B1-1138952F23DD}.Release|x64.ActiveCfg = Release|x64
		{A91B52D0-8078-4C3E-80B1-1138952F23DD}.Release|x64.Build.0 = Release|x64
		{A91B52D0-8078-4C3E-80B1-1138952F23DD}.Release|x86.ActiveCfg = Release|Win32
		{A91B52D0-8078-4C3E-80B1-1138952F23DD}.Release|x86.Build.0 = Release|Win32
	EndGlobalSection
	GlobalSection(SolutionProperties) = preSolution
		HideSolutionNode = FALSE
	EndGlobalSection
	GlobalSection(ExtensibilityGlobals) = postSolution
		SolutionGuid = {180D9358-2A39-4401-8FFC-755B1400EB77}
	EndGlobalSection
EndGlobal
